
Microsoft Visual Studio Solution File, Format Version 12.00
# Visual Studio Version 16
VisualStudioVersion = 16.0.31605.320
MinimumVisualStudioVersion = 10.0.40219.1
Project("{9A19103F-16F7-4668-BE54-9A1E7A4F7556}") = "YakshaEvaluation_Test", "YakshaEvaluation_Test\YakshaEvaluation_Test.csproj", "{6F28CE01-D7D6-416E-99D4-67354DB35262}"
EndProject
Project("{9A19103F-16F7-4668-BE54-9A1E7A4F7556}") = "HCF", "HCF\HCF.csproj", "{748CAE98-CCCF-4788-BC44-7A10BDA802E8}"
EndProject
Project("{9A19103F-16F7-4668-BE54-9A1E7A4F7556}") = "IntToString", "IntToString\IntToString.csproj", "{AC50C677-9D2C-4B0F-B332-14A949B850A2}"
EndProject
Project("{FAE04EC0-301F-11D3-BF4B-00C04F79EFBC}") = "DateClass", "DateClass\DateClass.csproj", "{C53F52A9-3822-4580-8580-4B768BBA7EBD}"
EndProject
Global
	GlobalSection(SolutionConfigurationPlatforms) = preSolution
		Debug|Any CPU = Debug|Any CPU
		Release|Any CPU = Release|Any CPU
	EndGlobalSection
	GlobalSection(ProjectConfigurationPlatforms) = postSolution
		{6F28CE01-D7D6-416E-99D4-67354DB35262}.Debug|Any CPU.ActiveCfg = Debug|Any CPU
		{6F28CE01-D7D6-416E-99D4-67354DB35262}.Debug|Any CPU.Build.0 = Debug|Any CPU
		{6F28CE01-D7D6-416E-99D4-67354DB35262}.Release|Any CPU.ActiveCfg = Release|Any CPU
		{6F28CE01-D7D6-416E-99D4-67354DB35262}.Release|Any CPU.Build.0 = Release|Any CPU
		{748CAE98-CCCF-4788-BC44-7A10BDA802E8}.Debug|Any CPU.ActiveCfg = Debug|Any CPU
		{748CAE98-CCCF-4788-BC44-7A10BDA802E8}.Debug|Any CPU.Build.0 = Debug|Any CPU
		{748CAE98-CCCF-4788-BC44-7A10BDA802E8}.Release|Any CPU.ActiveCfg = Release|Any CPU
		{748CAE98-CCCF-4788-BC44-7A10BDA802E8}.Release|Any CPU.Build.0 = Release|Any CPU
		{AC50C677-9D2C-4B0F-B332-14A949B850A2}.Debug|Any CPU.ActiveCfg = Debug|Any CPU
		{AC50C677-9D2C-4B0F-B332-14A949B850A2}.Debug|Any CPU.Build.0 = Debug|Any CPU
		{AC50C677-9D2C-4B0F-B332-14A949B850A2}.Release|Any CPU.ActiveCfg = Release|Any CPU
		{AC50C677-9D2C-4B0F-B332-14A949B850A2}.Release|Any CPU.Build.0 = Release|Any CPU
		{C53F52A9-3822-4580-8580-4B768BBA7EBD}.Debug|Any CPU.ActiveCfg = Debug|Any CPU
		{C53F52A9-3822-4580-8580-4B768BBA7EBD}.Debug|Any CPU.Build.0 = Debug|Any CPU
		{C53F52A9-3822-4580-8580-4B768BBA7EBD}.Release|Any CPU.ActiveCfg = Release|Any CPU
		{C53F52A9-3822-4580-8580-4B768BBA7EBD}.Release|Any CPU.Build.0 = Release|Any CPU
	EndGlobalSection
	GlobalSection(SolutionProperties) = preSolution
		HideSolutionNode = FALSE
	EndGlobalSection
	GlobalSection(ExtensibilityGlobals) = postSolution
		SolutionGuid = {4EBCC74A-BAC6-4ED4-883E-7E0681C76232}
	EndGlobalSection
EndGlobal
